<Solution>
  <Folder Name="/src/">
    <Project Path="src/CopilotBridge.Cli/CopilotBridge.Cli.csproj" />
  </Folder>
  <Folder Name="/tests/">
    <Project Path="tests/CopilotBridge.Playground/CopilotBridge.Playground.csproj" />
    <Project Path="tests/CopilotBridge.UnitTests/CopilotBridge.UnitTests.csproj" />
  </Folder>
</Solution>
